// !$*UTF8*$!
{
	archiveVersion = 1;
	classes = {
	};
	objectVersion = 50;
	objects = {

/* Begin PBXBuildFile section */
		95A87820253A2C6800CA1E76 /* LogoView.swift in Sources */ = {isa = PBXBuildFile; fileRef = 95A8781F253A2C6800CA1E76 /* LogoView.swift */; };
		95A87824253A2CD700CA1E76 /* Modifiers.swift in Sources */ = {isa = PBXBuildFile; fileRef = 95A87823253A2CD700CA1E76 /* Modifiers.swift */; };
		95A87827253A2F9A00CA1E76 /* Extensions.swift in Sources */ = {isa = PBXBuildFile; fileRef = 95A87826253A2F9A00CA1E76 /* Extensions.swift */; };
		95A8782A253A326300CA1E76 /* Enums.swift in Sources */ = {isa = PBXBuildFile; fileRef = 95A87829253A326300CA1E76 /* Enums.swift */; };
		95EE1EB42538E55900BA7AF0 /* Slot_MachineApp.swift in Sources */ = {isa = PBXBuildFile; fileRef = 95EE1EB32538E55900BA7AF0 /* Slot_MachineApp.swift */; };
		95EE1EB62538E55900BA7AF0 /* ContentView.swift in Sources */ = {isa = PBXBuildFile; fileRef = 95EE1EB52538E55900BA7AF0 /* ContentView.swift */; };
		95EE1EB82538E55D00BA7AF0 /* Assets.xcassets in Resources */ = {isa = PBXBuildFile; fileRef = 95EE1EB72538E55D00BA7AF0 /* Assets.xcassets */; };
		95EE1EBB2538E55D00BA7AF0 /* Preview Assets.xcassets in Resources */ = {isa = PBXBuildFile; fileRef = 95EE1EBA2538E55D00BA7AF0 /* Preview Assets.xcassets */; };
		95EE1ECB2538E71B00BA7AF0 /* high-score.mp3 in Resources */ = {isa = PBXBuildFile; fileRef = 95EE1EC32538E71B00BA7AF0 /* high-score.mp3 */; };
		95EE1ECC2538E71B00BA7AF0 /* riseup.mp3 in Resources */ = {isa = PBXBuildFile; fileRef = 95EE1EC42538E71B00BA7AF0 /* riseup.mp3 */; };
		95EE1ECD2538E71B00BA7AF0 /* spin.mp3 in Resources */ = {isa = PBXBuildFile; fileRef = 95EE1EC52538E71B00BA7AF0 /* spin.mp3 */; };
		95EE1ECE2538E71B00BA7AF0 /* background-music.mp3 in Resources */ = {isa = PBXBuildFile; fileRef = 95EE1EC62538E71B00BA7AF0 /* background-music.mp3 */; };
		95EE1ECF2538E71B00BA7AF0 /* casino-chips.mp3 in Resources */ = {isa = PBXBuildFile; fileRef = 95EE1EC72538E71B00BA7AF0 /* casino-chips.mp3 */; };
		95EE1ED02538E71B00BA7AF0 /* chimeup.mp3 in Resources */ = {isa = PBXBuildFile; fileRef = 95EE1EC82538E71B00BA7AF0 /* chimeup.mp3 */; };
		95EE1ED12538E71B00BA7AF0 /* win.mp3 in Resources */ = {isa = PBXBuildFile; fileRef = 95EE1EC92538E71B00BA7AF0 /* win.mp3 */; };
		95EE1ED22538E71B00BA7AF0 /* game-over.mp3 in Resources */ = {isa = PBXBuildFile; fileRef = 95EE1ECA2538E71B00BA7AF0 /* game-over.mp3 */; };
/* End PBXBuildFile section */

/* Begin PBXFileReference section */
		95A8781F253A2C6800CA1E76 /* LogoView.swift */ = {isa = PBXFileReference; lastKnownFileType = sourcecode.swift; path = LogoView.swift; sourceTree = "<group>"; };
		95A87823253A2CD700CA1E76 /* Modifiers.swift */ = {isa = PBXFileReference; lastKnownFileType = sourcecode.swift; path = Modifiers.swift; sourceTree = "<group>"; };
		95A87826253A2F9A00CA1E76 /* Extensions.swift */ = {isa = PBXFileReference; lastKnownFileType = sourcecode.swift; path = Extensions.swift; sourceTree = "<group>"; };
		95A87829253A326300CA1E76 /* Enums.swift */ = {isa = PBXFileReference; lastKnownFileType = sourcecode.swift; path = Enums.swift; sourceTree = "<group>"; };
		95EE1EB02538E55900BA7AF0 /* Slot Machine.app */ = {isa = PBXFileReference; explicitFileType = wrapper.application; includeInIndex = 0; path = "Slot Machine.app"; sourceTree = BUILT_PRODUCTS_DIR; };
		95EE1EB32538E55900BA7AF0 /* Slot_MachineApp.swift */ = {isa = PBXFileReference; lastKnownFileType = sourcecode.swift; path = Slot_MachineApp.swift; sourceTree = "<group>"; };
		95EE1EB52538E55900BA7AF0 /* ContentView.swift */ = {isa = PBXFileReference; lastKnownFileType = sourcecode.swift; path = ContentView.swift; sourceTree = "<group>"; };
		95EE1EB72538E55D00BA7AF0 /* Assets.xcassets */ = {isa = PBXFileReference; lastKnownFileType = folder.assetcatalog; path = Assets.xcassets; sourceTree = "<group>"; };
		95EE1EBA2538E55D00BA7AF0 /* Preview Assets.xcassets */ = {isa = PBXFileReference; lastKnownFileType = folder.assetcatalog; path = "Preview Assets.xcassets"; sourceTree = "<group>"; };
		95EE1EBC2538E55D00BA7AF0 /* Info.plist */ = {isa = PBXFileReference; lastKnownFileType = text.plist.xml; path = Info.plist; sourceTree = "<group>"; };
		95EE1EC32538E71B00BA7AF0 /* high-score.mp3 */ = {isa = PBXFileReference; lastKnownFileType = audio.mp3; path = "high-score.mp3"; sourceTree = "<group>"; };
		95EE1EC42538E71B00BA7AF0 /* riseup.mp3 */ = {isa = PBXFileReference; lastKnownFileType = audio.mp3; path = riseup.mp3; sourceTree = "<group>"; };
		95EE1EC52538E71B00BA7AF0 /* spin.mp3 */ = {isa = PBXFileReference; lastKnownFileType = audio.mp3; path = spin.mp3; sourceTree = "<group>"; };
		95EE1EC62538E71B00BA7AF0 /* background-music.mp3 */ = {isa = PBXFileReference; lastKnownFileType = audio.mp3; path = "background-music.mp3"; sourceTree = "<group>"; };
		95EE1EC72538E71B00BA7AF0 /* casino-chips.mp3 */ = {isa = PBXFileReference; lastKnownFileType = audio.mp3; path = "casino-chips.mp3"; sourceTree = "<group>"; };
		95EE1EC82538E71B00BA7AF0 /* chimeup.mp3 */ = {isa = PBXFileReference; lastKnownFileType = audio.mp3; path = chimeup.mp3; sourceTree = "<group>"; };
		95EE1EC92538E71B00BA7AF0 /* win.mp3 */ = {isa = PBXFileReference; lastKnownFileType = audio.mp3; path = win.mp3; sourceTree = "<group>"; };
		95EE1ECA2538E71B00BA7AF0 /* game-over.mp3 */ = {isa = PBXFileReference; lastKnownFileType = audio.mp3; path = "game-over.mp3"; sourceTree = "<group>"; };
/* End PBXFileReference section */

/* Begin PBXFrameworksBuildPhase section */
		95EE1EAD2538E55900BA7AF0 /* Frameworks */ = {
			isa = PBXFrameworksBuildPhase;
			buildActionMask = 2147483647;
			files = (
			);
			runOnlyForDeploymentPostprocessing = 0;
		};
/* End PBXFrameworksBuildPhase section */

/* Begin PBXGroup section */
		95A8781E253A2C5200CA1E76 /* Views */ = {
			isa = PBXGroup;
			children = (
				95A8781F253A2C6800CA1E76 /* LogoView.swift */,
			);
			path = Views;
			sourceTree = "<group>";
		};
		95EE1EA72538E55900BA7AF0 = {
			isa = PBXGroup;
			children = (
				95EE1EB22538E55900BA7AF0 /* Slot Machine */,
				95EE1EB12538E55900BA7AF0 /* Products */,
			);
			sourceTree = "<group>";
		};
		95EE1EB12538E55900BA7AF0 /* Products */ = {
			isa = PBXGroup;
			children = (
				95EE1EB02538E55900BA7AF0 /* Slot Machine.app */,
			);
			name = Products;
			sourceTree = "<group>";
		};
		95EE1EB22538E55900BA7AF0 /* Slot Machine */ = {
			isa = PBXGroup;
			children = (
				95EE1ED62538E75C00BA7AF0 /* Helpers */,
				95A8781E253A2C5200CA1E76 /* Views */,
				95EE1ED52538E74300BA7AF0 /* App */,
				95EE1ED42538E72900BA7AF0 /* Sounds */,
				95EE1EB72538E55D00BA7AF0 /* Assets.xcassets */,
				95EE1EBC2538E55D00BA7AF0 /* Info.plist */,
				95EE1EB92538E55D00BA7AF0 /* Preview Content */,
			);
			path = "Slot Machine";
			sourceTree = "<group>";
		};
		95EE1EB92538E55D00BA7AF0 /* Preview Content */ = {
			isa = PBXGroup;
			children = (
				95EE1EBA2538E55D00BA7AF0 /* Preview Assets.xcassets */,
			);
			path = "Preview Content";
			sourceTree = "<group>";
		};
		95EE1ED42538E72900BA7AF0 /* Sounds */ = {
			isa = PBXGroup;
			children = (
				95EE1EC62538E71B00BA7AF0 /* background-music.mp3 */,
				95EE1EC72538E71B00BA7AF0 /* casino-chips.mp3 */,
				95EE1EC82538E71B00BA7AF0 /* chimeup.mp3 */,
				95EE1ECA2538E71B00BA7AF0 /* game-over.mp3 */,
				95EE1EC32538E71B00BA7AF0 /* high-score.mp3 */,
				95EE1EC42538E71B00BA7AF0 /* riseup.mp3 */,
				95EE1EC52538E71B00BA7AF0 /* spin.mp3 */,
				95EE1EC92538E71B00BA7AF0 /* win.mp3 */,
			);
			path = Sounds;
			sourceTree = "<group>";
		};
		95EE1ED52538E74300BA7AF0 /* App */ = {
			isa = PBXGroup;
			children = (
				95EE1EB32538E55900BA7AF0 /* Slot_MachineApp.swift */,
				95EE1EB52538E55900BA7AF0 /* ContentView.swift */,
			);
			path = App;
			sourceTree = "<group>";
		};
		95EE1ED62538E75C00BA7AF0 /* Helpers */ = {
			isa = PBXGroup;
			children = (
				95A87823253A2CD700CA1E76 /* Modifiers.swift */,
				95A87826253A2F9A00CA1E76 /* Extensions.swift */,
				95A87829253A326300CA1E76 /* Enums.swift */,
			);
			path = Helpers;
			sourceTree = "<group>";
		};
/* End PBXGroup section */

/* Begin PBXNativeTarget section */
		95EE1EAF2538E55900BA7AF0 /* Slot Machine */ = {
			isa = PBXNativeTarget;
			buildConfigurationList = 95EE1EBF2538E55D00BA7AF0 /* Build configuration list for PBXNativeTarget "Slot Machine" */;
			buildPhases = (
				95EE1EAC2538E55900BA7AF0 /* Sources */,
				95EE1EAD2538E55900BA7AF0 /* Frameworks */,
				95EE1EAE2538E55900BA7AF0 /* Resources */,
			);
			buildRules = (
			);
			dependencies = (
			);
			name = "Slot Machine";
			productName = "Slot Machine";
			productReference = 95EE1EB02538E55900BA7AF0 /* Slot Machine.app */;
			productType = "com.apple.product-type.application";
		};
/* End PBXNativeTarget section */

/* Begin PBXProject section */
		95EE1EA82538E55900BA7AF0 /* Project object */ = {
			isa = PBXProject;
			attributes = {
				LastSwiftUpdateCheck = 1200;
				LastUpgradeCheck = 1200;
				TargetAttributes = {
					95EE1EAF2538E55900BA7AF0 = {
						CreatedOnToolsVersion = 12.0.1;
					};
				};
			};
			buildConfigurationList = 95EE1EAB2538E55900BA7AF0 /* Build configuration list for PBXProject "Slot Machine" */;
			compatibilityVersion = "Xcode 9.3";
			developmentRegion = en;
			hasScannedForEncodings = 0;
			knownRegions = (
				en,
				Base,
			);
			mainGroup = 95EE1EA72538E55900BA7AF0;
			productRefGroup = 95EE1EB12538E55900BA7AF0 /* Products */;
			projectDirPath = "";
			projectRoot = "";
			targets = (
				95EE1EAF2538E55900BA7AF0 /* Slot Machine */,
			);
		};
/* End PBXProject section */

/* Begin PBXResourcesBuildPhase section */
		95EE1EAE2538E55900BA7AF0 /* Resources */ = {
			isa = PBXResourcesBuildPhase;
			buildActionMask = 2147483647;
			files = (
				95EE1ED12538E71B00BA7AF0 /* win.mp3 in Resources */,
				95EE1ECC2538E71B00BA7AF0 /* riseup.mp3 in Resources */,
				95EE1ECD2538E71B00BA7AF0 /* spin.mp3 in Resources */,
				95EE1EBB2538E55D00BA7AF0 /* Preview Assets.xcassets in Resources */,
				95EE1ECF2538E71B00BA7AF0 /* casino-chips.mp3 in Resources */,
				95EE1ED02538E71B00BA7AF0 /* chimeup.mp3 in Resources */,
				95EE1ED22538E71B00BA7AF0 /* game-over.mp3 in Resources */,
				95EE1EB82538E55D00BA7AF0 /* Assets.xcassets in Resources */,
				95EE1ECE2538E71B00BA7AF0 /* background-music.mp3 in Resources */,
				95EE1ECB2538E71B00BA7AF0 /* high-score.mp3 in Resources */,
			);
			runOnlyForDeploymentPostprocessing = 0;
		};
/* End PBXResourcesBuildPhase section */

/* Begin PBXSourcesBuildPhase section */
		95EE1EAC2538E55900BA7AF0 /* Sources */ = {
			isa = PBXSourcesBuildPhase;
			buildActionMask = 2147483647;
			files = (
				95A87827253A2F9A00CA1E76 /* Extensions.swift in Sources */,
				95A87824253A2CD700CA1E76 /* Modifiers.swift in Sources */,
				95EE1EB62538E55900BA7AF0 /* ContentView.swift in Sources */,
				95A87820253A2C6800CA1E76 /* LogoView.swift in Sources */,
				95A8782A253A326300CA1E76 /* Enums.swift in Sources */,
				95EE1EB42538E55900BA7AF0 /* Slot_MachineApp.swift in Sources */,
			);
			runOnlyForDeploymentPostprocessing = 0;
		};
/* End PBXSourcesBuildPhase section */

/* Begin XCBuildConfiguration section */
		95EE1EBD2538E55D00BA7AF0 /* Debug */ = {
			isa = XCBuildConfiguration;
			buildSettings = {
				ALWAYS_SEARCH_USER_PATHS = NO;
				CLANG_ANALYZER_NONNULL = YES;
				CLANG_ANALYZER_NUMBER_OBJECT_CONVERSION = YES_AGGRESSIVE;
				CLANG_CXX_LANGUAGE_STANDARD = "gnu++14";
				CLANG_CXX_LIBRARY = "libc++";
				CLANG_ENABLE_MODULES = YES;
				CLANG_ENABLE_OBJC_ARC = YES;
				CLANG_ENABLE_OBJC_WEAK = YES;
				CLANG_WARN_BLOCK_CAPTURE_AUTORELEASING = YES;
				CLANG_WARN_BOOL_CONVERSION = YES;
				CLANG_WARN_COMMA = YES;
				CLANG_WARN_CONSTANT_CONVERSION = YES;
				CLANG_WARN_DEPRECATED_OBJC_IMPLEMENTATIONS = YES;
				CLANG_WARN_DIRECT_OBJC_ISA_USAGE = YES_ERROR;
				CLANG_WARN_DOCUMENTATION_COMMENTS = YES;
				CLANG_WARN_EMPTY_BODY = YES;
				CLANG_WARN_ENUM_CONVERSION = YES;
				CLANG_WARN_INFINITE_RECURSION = YES;
				CLANG_WARN_INT_CONVERSION = YES;
				CLANG_WARN_NON_LITERAL_NULL_CONVERSION = YES;
				CLANG_WARN_OBJC_IMPLICIT_RETAIN_SELF = YES;
				CLANG_WARN_OBJC_LITERAL_CONVERSION = YES;
				CLANG_WARN_OBJC_ROOT_CLASS = YES_ERROR;
				CLANG_WARN_QUOTED_INCLUDE_IN_FRAMEWORK_HEADER = YES;
				CLANG_WARN_RANGE_LOOP_ANALYSIS = YES;
				CLANG_WARN_STRICT_PROTOTYPES = YES;
				CLANG_WARN_SUSPICIOUS_MOVE = YES;
				CLANG_WARN_UNGUARDED_AVAILABILITY = YES_AGGRESSIVE;
				CLANG_WARN_UNREACHABLE_CODE = YES;
				CLANG_WARN__DUPLICATE_METHOD_MATCH = YES;
				COPY_PHASE_STRIP = NO;
				DEBUG_INFORMATION_FORMAT = dwarf;
				ENABLE_STRICT_OBJC_MSGSEND = YES;
				ENABLE_TESTABILITY = YES;
				GCC_C_LANGUAGE_STANDARD = gnu11;
				GCC_DYNAMIC_NO_PIC = NO;
				GCC_NO_COMMON_BLOCKS = YES;
				GCC_OPTIMIZATION_LEVEL = 0;
				GCC_PREPROCESSOR_DEFINITIONS = (
					"DEBUG=1",
					"$(inherited)",
				);
				GCC_WARN_64_TO_32_BIT_CONVERSION = YES;
				GCC_WARN_ABOUT_RETURN_TYPE = YES_ERROR;
				GCC_WARN_UNDECLARED_SELECTOR = YES;
				GCC_WARN_UNINITIALIZED_AUTOS = YES_AGGRESSIVE;
				GCC_WARN_UNUSED_FUNCTION = YES;
				GCC_WARN_UNUSED_VARIABLE = YES;
				IPHONEOS_DEPLOYMENT_TARGET = 14.0;
				MTL_ENABLE_DEBUG_INFO = INCLUDE_SOURCE;
				MTL_FAST_MATH = YES;
				ONLY_ACTIVE_ARCH = YES;
				SDKROOT = iphoneos;
				SWIFT_ACTIVE_COMPILATION_CONDITIONS = DEBUG;
				SWIFT_OPTIMIZATION_LEVEL = "-Onone";
			};
			name = Debug;
		};
		95EE1EBE2538E55D00BA7AF0 /* Release */ = {
			isa = XCBuildConfiguration;
			buildSettings = {
				ALWAYS_SEARCH_USER_PATHS = NO;
				CLANG_ANALYZER_NONNULL = YES;
				CLANG_ANALYZER_NUMBER_OBJECT_CONVERSION = YES_AGGRESSIVE;
				CLANG_CXX_LANGUAGE_STANDARD = "gnu++14";
				CLANG_CXX_LIBRARY = "libc++";
				CLANG_ENABLE_MODULES = YES;
				CLANG_ENABLE_OBJC_ARC = YES;
				CLANG_ENABLE_OBJC_WEAK = YES;
				CLANG_WARN_BLOCK_CAPTURE_AUTORELEASING = YES;
				CLANG_WARN_BOOL_CONVERSION = YES;
				CLANG_WARN_COMMA = YES;
				CLANG_WARN_CONSTANT_CONVERSION = YES;
				CLANG_WARN_DEPRECATED_OBJC_IMPLEMENTATIONS = YES;
				CLANG_WARN_DIRECT_OBJC_ISA_USAGE = YES_ERROR;
				CLANG_WARN_DOCUMENTATION_COMMENTS = YES;
				CLANG_WARN_EMPTY_BODY = YES;
				CLANG_WARN_ENUM_CONVERSION = YES;
				CLANG_WARN_INFINITE_RECURSION = YES;
				CLANG_WARN_INT_CONVERSION = YES;
				CLANG_WARN_NON_LITERAL_NULL_CONVERSION = YES;
				CLANG_WARN_OBJC_IMPLICIT_RETAIN_SELF = YES;
				CLANG_WARN_OBJC_LITERAL_CONVERSION = YES;
				CLANG_WARN_OBJC_ROOT_CLASS = YES_ERROR;
				CLANG_WARN_QUOTED_INCLUDE_IN_FRAMEWORK_HEADER = YES;
				CLANG_WARN_RANGE_LOOP_ANALYSIS = YES;
				CLANG_WARN_STRICT_PROTOTYPES = YES;
				CLANG_WARN_SUSPICIOUS_MOVE = YES;
				CLANG_WARN_UNGUARDED_AVAILABILITY = YES_AGGRESSIVE;
				CLANG_WARN_UNREACHABLE_CODE = YES;
				CLANG_WARN__DUPLICATE_METHOD_MATCH = YES;
				COPY_PHASE_STRIP = NO;
				DEBUG_INFORMATION_FORMAT = "dwarf-with-dsym";
				ENABLE_NS_ASSERTIONS = NO;
				ENABLE_STRICT_OBJC_MSGSEND = YES;
				GCC_C_LANGUAGE_STANDARD = gnu11;
				GCC_NO_COMMON_BLOCKS = YES;
				GCC_WARN_64_TO_32_BIT_CONVERSION = YES;
				GCC_WARN_ABOUT_RETURN_TYPE = YES_ERROR;
				GCC_WARN_UNDECLARED_SELECTOR = YES;
				GCC_WARN_UNINITIALIZED_AUTOS = YES_AGGRESSIVE;
				GCC_WARN_UNUSED_FUNCTION = YES;
				GCC_WARN_UNUSED_VARIABLE = YES;
				IPHONEOS_DEPLOYMENT_TARGET = 14.0;
				MTL_ENABLE_DEBUG_INFO = NO;
				MTL_FAST_MATH = YES;
				SDKROOT = iphoneos;
				SWIFT_COMPILATION_MODE = wholemodule;
				SWIFT_OPTIMIZATION_LEVEL = "-O";
				VALIDATE_PRODUCT = YES;
			};
			name = Release;
		};
		95EE1EC02538E55D00BA7AF0 /* Debug */ = {
			isa = XCBuildConfiguration;
			buildSettings = {
				ASSETCATALOG_COMPILER_APPICON_NAME = AppIcon;
				ASSETCATALOG_COMPILER_GLOBAL_ACCENT_COLOR_NAME = AccentColor;
				CODE_SIGN_STYLE = Automatic;
				DEVELOPMENT_ASSET_PATHS = "\"Slot Machine/Preview Content\"";
				DEVELOPMENT_TEAM = 7HRBP97NH3;
				ENABLE_PREVIEWS = YES;
				INFOPLIST_FILE = "Slot Machine/Info.plist";
				IPHONEOS_DEPLOYMENT_TARGET = 14.0;
				LD_RUNPATH_SEARCH_PATHS = (
					"$(inherited)",
					"@executable_path/Frameworks",
				);
				PRODUCT_BUNDLE_IDENTIFIER = "com.onderkosar.Slot-Machine";
				PRODUCT_NAME = "$(TARGET_NAME)";
				SWIFT_VERSION = 5.0;
				TARGETED_DEVICE_FAMILY = "1,2";
			};
			name = Debug;
		};
		95EE1EC12538E55D00BA7AF0 /* Release */ = {
			isa = XCBuildConfiguration;
			buildSettings = {
				ASSETCATALOG_COMPILER_APPICON_NAME = AppIcon;
				ASSETCATALOG_COMPILER_GLOBAL_ACCENT_COLOR_NAME = AccentColor;
				CODE_SIGN_STYLE = Automatic;
				DEVELOPMENT_ASSET_PATHS = "\"Slot Machine/Preview Content\"";
				DEVELOPMENT_TEAM = 7HRBP97NH3;
				ENABLE_PREVIEWS = YES;
				INFOPLIST_FILE = "Slot Machine/Info.plist";
				IPHONEOS_DEPLOYMENT_TARGET = 14.0;
				LD_RUNPATH_SEARCH_PATHS = (
					"$(inherited)",
					"@executable_path/Frameworks",
				);
				PRODUCT_BUNDLE_IDENTIFIER = "com.onderkosar.Slot-Machine";
				PRODUCT_NAME = "$(TARGET_NAME)";
				SWIFT_VERSION = 5.0;
				TARGETED_DEVICE_FAMILY = "1,2";
			};
			name = Release;
		};
/* End XCBuildConfiguration section */

/* Begin XCConfigurationList section */
		95EE1EAB2538E55900BA7AF0 /* Build configuration list for PBXProject "Slot Machine" */ = {
			isa = XCConfigurationList;
			buildConfigurations = (
				95EE1EBD2538E55D00BA7AF0 /* Debug */,
				95EE1EBE2538E55D00BA7AF0 /* Release */,
			);
			defaultConfigurationIsVisible = 0;
			defaultConfigurationName = Release;
		};
		95EE1EBF2538E55D00BA7AF0 /* Build configuration list for PBXNativeTarget "Slot Machine" */ = {
			isa = XCConfigurationList;
			buildConfigurations = (
				95EE1EC02538E55D00BA7AF0 /* Debug */,
				95EE1EC12538E55D00BA7AF0 /* Release */,
			);
			defaultConfigurationIsVisible = 0;
			defaultConfigurationName = Release;
		};
/* End XCConfigurationList section */
	};
	rootObject = 95EE1EA82538E55900BA7AF0 /* Project object */;
}
